{
  "name": "project-ex02",
  "version": "1.0.0",
  "lockfileVersion": 2,
  "requires": true,
  "packages": {
    "": {
      "name": "project-ex02",
      "version": "1.0.0",
      "license": "ISC",
      "dependencies": {
        "douzone-shyeon-math": "file:../douzone-shyeon-math"
      }
    },
    "../douzone-shyeon-math": {
      "version": "1.0.0",
      "license": "ISC"
    },
    "node_modules/douzone-shyeon-math": {
      "resolved": "../douzone-shyeon-math",
      "link": true
    }
  },
  "dependencies": {
    "douzone-shyeon-math": {
      "version": "file:../douzone-shyeon-math"
    }
  }
}
